
Microsoft Visual Studio Solution File, Format Version 12.00
# Visual Studio 15
VisualStudioVersion = 15.0.28010.2046
MinimumVisualStudioVersion = 10.0.40219.1
Project("{FAE04EC0-301F-11D3-BF4B-00C04F79EFBC}") = "Kaczorek.BL", "Kaczorek.BL\Kaczorek.BL.csproj", "{18AB879F-CAA3-4E0D-BBE4-B3C7D55D98F2}"
EndProject
Global
	GlobalSection(SolutionConfigurationPlatforms) = preSolution
		Debug|Any CPU = Debug|Any CPU
		Release|Any CPU = Release|Any CPU
	EndGlobalSection
	GlobalSection(ProjectConfigurationPlatforms) = postSolution
		{18AB879F-CAA3-4E0D-BBE4-B3C7D55D98F2}.Debug|Any CPU.ActiveCfg = Debug|Any CPU
		{18AB879F-CAA3-4E0D-BBE4-B3C7D55D98F2}.Debug|Any CPU.Build.0 = Debug|Any CPU
		{18AB879F-CAA3-4E0D-BBE4-B3C7D55D98F2}.Release|Any CPU.ActiveCfg = Release|Any CPU
		{18AB879F-CAA3-4E0D-BBE4-B3C7D55D98F2}.Release|Any CPU.Build.0 = Release|Any CPU
	EndGlobalSection
	GlobalSection(SolutionProperties) = preSolution
		HideSolutionNode = FALSE
	EndGlobalSection
	GlobalSection(ExtensibilityGlobals) = postSolution
		SolutionGuid = {C8FFEC61-AC9C-4AE3-9F14-4FABFEE56687}
	EndGlobalSection
EndGlobal
